
Microsoft Visual Studio Solution File, Format Version 11.00
# Visual Studio 2010
Project("{FAE04EC0-301F-11D3-BF4B-00C04F79EFBC}") = "CallBack in Thread", "CallBack in Thread\CallBack in Thread.csproj", "{75BECFF9-3E39-4950-945A-5CB5B6D3E543}"
EndProject
Global
	GlobalSection(SolutionConfigurationPlatforms) = preSolution
		Debug|x86 = Debug|x86
		Release|x86 = Release|x86
	EndGlobalSection
	GlobalSection(ProjectConfigurationPlatforms) = postSolution
		{75BECFF9-3E39-4950-945A-5CB5B6D3E543}.Debug|x86.ActiveCfg = Debug|x86
		{75BECFF9-3E39-4950-945A-5CB5B6D3E543}.Debug|x86.Build.0 = Debug|x86
		{75BECFF9-3E39-4950-945A-5CB5B6D3E543}.Release|x86.ActiveCfg = Release|x86
		{75BECFF9-3E39-4950-945A-5CB5B6D3E543}.Release|x86.Build.0 = Release|x86
	EndGlobalSection
	GlobalSection(SolutionProperties) = preSolution
		HideSolutionNode = FALSE
	EndGlobalSection
EndGlobal
